
Microsoft Visual Studio Solution File, Format Version 12.00
# Visual Studio 15
VisualStudioVersion = 15.0.27004.2008
MinimumVisualStudioVersion = 10.0.40219.1
Project("{9A19103F-16F7-4668-BE54-9A1E7A4F7556}") = "CentriEstivi", "CentriEstivi\CentriEstivi.csproj", "{BDB0C65A-39A3-44B7-B707-76B0483E3E5F}"
EndProject
Global
	GlobalSection(SolutionConfigurationPlatforms) = preSolution
		Debug|Any CPU = Debug|Any CPU
		Release|Any CPU = Release|Any CPU
	EndGlobalSection
	GlobalSection(ProjectConfigurationPlatforms) = postSolution
		{BDB0C65A-39A3-44B7-B707-76B0483E3E5F}.Debug|Any CPU.ActiveCfg = Debug|Any CPU
		{BDB0C65A-39A3-44B7-B707-76B0483E3E5F}.Debug|Any CPU.Build.0 = Debug|Any CPU
		{BDB0C65A-39A3-44B7-B707-76B0483E3E5F}.Release|Any CPU.ActiveCfg = Release|Any CPU
		{BDB0C65A-39A3-44B7-B707-76B0483E3E5F}.Release|Any CPU.Build.0 = Release|Any CPU
	EndGlobalSection
	GlobalSection(SolutionProperties) = preSolution
		HideSolutionNode = FALSE
	EndGlobalSection
	GlobalSection(ExtensibilityGlobals) = postSolution
		SolutionGuid = {DB5E5C87-F1B6-4DEC-A993-B44A4342A03E}
	EndGlobalSection
EndGlobal
