{
  "requires": true,
  "lockfileVersion": 1,
  "dependencies": {
    "@types/file-saver": {
      "version": "1.3.0",
      "resolved": "https://registry.npmjs.org/@types/file-saver/-/file-saver-1.3.0.tgz",
      "integrity": "sha512-fC12hKtEzVkrV/ZRcrmqvpHG/TMYDZtgpAmgMUA4F7KneDaQeFMwmPz8AfygKKJMqsdTi8bL+E+fciaaMLxUhg=="
    }
  }
}
